
Microsoft Visual Studio Solution File, Format Version 12.00
# Visual Studio Version 17
VisualStudioVersion = 17.0.31903.59
MinimumVisualStudioVersion = 10.0.40219.1
Project("{FAE04EC0-301F-11D3-BF4B-00C04F79EFBC}") = "StoreApp", "StoreApp\StoreApp.csproj", "{0E5C608E-2CF7-4EC3-9B45-E631BE06D155}"
EndProject
Project("{FAE04EC0-301F-11D3-BF4B-00C04F79EFBC}") = "Entities", "Entities\Entities.csproj", "{E8F2595B-E91B-4332-BE06-BA90A16757A5}"
EndProject
Project("{FAE04EC0-301F-11D3-BF4B-00C04F79EFBC}") = "Repositories", "Repositories\Repositories.csproj", "{B543CD2A-C230-4811-ACE6-B1BB4A8CCDBB}"
EndProject
Global
	GlobalSection(SolutionConfigurationPlatforms) = preSolution
		Debug|Any CPU = Debug|Any CPU
		Release|Any CPU = Release|Any CPU
	EndGlobalSection
	GlobalSection(SolutionProperties) = preSolution
		HideSolutionNode = FALSE
	EndGlobalSection
	GlobalSection(ProjectConfigurationPlatforms) = postSolution
		{0E5C608E-2CF7-4EC3-9B45-E631BE06D155}.Debug|Any CPU.ActiveCfg = Debug|Any CPU
		{0E5C608E-2CF7-4EC3-9B45-E631BE06D155}.Debug|Any CPU.Build.0 = Debug|Any CPU
		{0E5C608E-2CF7-4EC3-9B45-E631BE06D155}.Release|Any CPU.ActiveCfg = Release|Any CPU
		{0E5C608E-2CF7-4EC3-9B45-E631BE06D155}.Release|Any CPU.Build.0 = Release|Any CPU
		{E8F2595B-E91B-4332-BE06-BA90A16757A5}.Debug|Any CPU.ActiveCfg = Debug|Any CPU
		{E8F2595B-E91B-4332-BE06-BA90A16757A5}.Debug|Any CPU.Build.0 = Debug|Any CPU
		{E8F2595B-E91B-4332-BE06-BA90A16757A5}.Release|Any CPU.ActiveCfg = Release|Any CPU
		{E8F2595B-E91B-4332-BE06-BA90A16757A5}.Release|Any CPU.Build.0 = Release|Any CPU
		{B543CD2A-C230-4811-ACE6-B1BB4A8CCDBB}.Debug|Any CPU.ActiveCfg = Debug|Any CPU
		{B543CD2A-C230-4811-ACE6-B1BB4A8CCDBB}.Debug|Any CPU.Build.0 = Debug|Any CPU
		{B543CD2A-C230-4811-ACE6-B1BB4A8CCDBB}.Release|Any CPU.ActiveCfg = Release|Any CPU
		{B543CD2A-C230-4811-ACE6-B1BB4A8CCDBB}.Release|Any CPU.Build.0 = Release|Any CPU
	EndGlobalSection
EndGlobal
